
Microsoft Visual Studio Solution File, Format Version 12.00
# Visual Studio Version 17
VisualStudioVersion = 17.4.33205.214
MinimumVisualStudioVersion = 10.0.40219.1
Project("{FAE04EC0-301F-11D3-BF4B-00C04F79EFBC}") = "SloppyJoe", "SloppyJoe\SloppyJoe.csproj", "{BB5DCD6C-C7B0-453F-81BA-E046FE19F3BD}"
EndProject
Global
	GlobalSection(SolutionConfigurationPlatforms) = preSolution
		Debug|Any CPU = Debug|Any CPU
		Release|Any CPU = Release|Any CPU
	EndGlobalSection
	GlobalSection(ProjectConfigurationPlatforms) = postSolution
		{BB5DCD6C-C7B0-453F-81BA-E046FE19F3BD}.Debug|Any CPU.ActiveCfg = Debug|Any CPU
		{BB5DCD6C-C7B0-453F-81BA-E046FE19F3BD}.Debug|Any CPU.Build.0 = Debug|Any CPU
		{BB5DCD6C-C7B0-453F-81BA-E046FE19F3BD}.Release|Any CPU.ActiveCfg = Release|Any CPU
		{BB5DCD6C-C7B0-453F-81BA-E046FE19F3BD}.Release|Any CPU.Build.0 = Release|Any CPU
	EndGlobalSection
	GlobalSection(SolutionProperties) = preSolution
		HideSolutionNode = FALSE
	EndGlobalSection
	GlobalSection(ExtensibilityGlobals) = postSolution
		SolutionGuid = {B333013A-4FE1-4DCD-A73B-2394689BCE49}
	EndGlobalSection
EndGlobal
